
Microsoft Visual Studio Solution File, Format Version 12.00
# Visual Studio 15
VisualStudioVersion = 15.0.28307.572
MinimumVisualStudioVersion = 10.0.40219.1
Project("{FAE04EC0-301F-11D3-BF4B-00C04F79EFBC}") = "RFID_Android_XAML.Android", "RFID_Android_XAML\RFID_Android_XAML.Android\RFID_Android_XAML.Android.csproj", "{F4530115-6A13-457D-9351-87E20CF8B2D3}"
EndProject
Project("{9A19103F-16F7-4668-BE54-9A1E7A4F7556}") = "RFID_Android_XAML", "RFID_Android_XAML\RFID_Android_XAML\RFID_Android_XAML.csproj", "{1F6A9FB6-BB8B-4317-916F-F10F33E84781}"
EndProject
Project("{FAE04EC0-301F-11D3-BF4B-00C04F79EFBC}") = "KDCReader", "..\KDCReader\KDCReader.csproj", "{5DCE92B7-586F-4D41-8479-C6086DA3B50E}"
EndProject
Global
	GlobalSection(SolutionConfigurationPlatforms) = preSolution
		Debug|Any CPU = Debug|Any CPU
		Release|Any CPU = Release|Any CPU
	EndGlobalSection
	GlobalSection(ProjectConfigurationPlatforms) = postSolution
		{F4530115-6A13-457D-9351-87E20CF8B2D3}.Debug|Any CPU.ActiveCfg = Debug|Any CPU
		{F4530115-6A13-457D-9351-87E20CF8B2D3}.Debug|Any CPU.Build.0 = Debug|Any CPU
		{F4530115-6A13-457D-9351-87E20CF8B2D3}.Debug|Any CPU.Deploy.0 = Debug|Any CPU
		{F4530115-6A13-457D-9351-87E20CF8B2D3}.Release|Any CPU.ActiveCfg = Release|Any CPU
		{F4530115-6A13-457D-9351-87E20CF8B2D3}.Release|Any CPU.Build.0 = Release|Any CPU
		{F4530115-6A13-457D-9351-87E20CF8B2D3}.Release|Any CPU.Deploy.0 = Release|Any CPU
		{1F6A9FB6-BB8B-4317-916F-F10F33E84781}.Debug|Any CPU.ActiveCfg = Debug|Any CPU
		{1F6A9FB6-BB8B-4317-916F-F10F33E84781}.Debug|Any CPU.Build.0 = Debug|Any CPU
		{1F6A9FB6-BB8B-4317-916F-F10F33E84781}.Release|Any CPU.ActiveCfg = Release|Any CPU
		{1F6A9FB6-BB8B-4317-916F-F10F33E84781}.Release|Any CPU.Build.0 = Release|Any CPU
		{5DCE92B7-586F-4D41-8479-C6086DA3B50E}.Debug|Any CPU.ActiveCfg = Debug|Any CPU
		{5DCE92B7-586F-4D41-8479-C6086DA3B50E}.Debug|Any CPU.Build.0 = Debug|Any CPU
		{5DCE92B7-586F-4D41-8479-C6086DA3B50E}.Release|Any CPU.ActiveCfg = Release|Any CPU
		{5DCE92B7-586F-4D41-8479-C6086DA3B50E}.Release|Any CPU.Build.0 = Release|Any CPU
	EndGlobalSection
	GlobalSection(SolutionProperties) = preSolution
		HideSolutionNode = FALSE
	EndGlobalSection
	GlobalSection(ExtensibilityGlobals) = postSolution
		SolutionGuid = {BCA29F58-C714-4638-9690-75D18B49835A}
	EndGlobalSection
EndGlobal
