
Microsoft Visual Studio Solution File, Format Version 12.00
# Visual Studio 15
VisualStudioVersion = 15.0.26730.12
MinimumVisualStudioVersion = 10.0.40219.1
Project("{FAE04EC0-301F-11D3-BF4B-00C04F79EFBC}") = "KDCReader", "KDCReader\KDCReader.csproj", "{5DCE92B7-586F-4D41-8479-C6086DA3B50E}"
EndProject
Global
	GlobalSection(SolutionConfigurationPlatforms) = preSolution
		Debug|Any CPU = Debug|Any CPU
		Release|Any CPU = Release|Any CPU
	EndGlobalSection
	GlobalSection(ProjectConfigurationPlatforms) = postSolution
		{5DCE92B7-586F-4D41-8479-C6086DA3B50E}.Debug|Any CPU.ActiveCfg = Debug|Any CPU
		{5DCE92B7-586F-4D41-8479-C6086DA3B50E}.Debug|Any CPU.Build.0 = Debug|Any CPU
		{5DCE92B7-586F-4D41-8479-C6086DA3B50E}.Release|Any CPU.ActiveCfg = Release|Any CPU
		{5DCE92B7-586F-4D41-8479-C6086DA3B50E}.Release|Any CPU.Build.0 = Release|Any CPU
	EndGlobalSection
	GlobalSection(SolutionProperties) = preSolution
		HideSolutionNode = FALSE
	EndGlobalSection
	GlobalSection(ExtensibilityGlobals) = postSolution
		SolutionGuid = {27A6B719-D3A0-4225-8547-C5AF0F6FF2DB}
	EndGlobalSection
EndGlobal
